
Microsoft Visual Studio Solution File, Format Version 12.00
# Visual Studio 2013
VisualStudioVersion = 12.0.40629.0
MinimumVisualStudioVersion = 10.0.40219.1
Project("{FAE04EC0-301F-11D3-BF4B-00C04F79EFBC}") = "AppForStudy", "AppForStudy\AppForStudy.csproj", "{D3E2AF6D-1B21-4BC7-AFBB-D09EFBDB8577}"
EndProject
Project("{FAE04EC0-301F-11D3-BF4B-00C04F79EFBC}") = "Tests", "Tests\Tests.csproj", "{C58ABF5F-D4ED-4AD5-9DFE-2869A84794D4}"
EndProject
Project("{2150E333-8FDC-42A3-9474-1A3956D46DE8}") = ".nuget", ".nuget", "{1AC8BF8B-2980-421A-AE9C-AF19CF738F22}"
	ProjectSection(SolutionItems) = preProject
		.nuget\packages.config = .nuget\packages.config
	EndProjectSection
EndProject
Global
	GlobalSection(SolutionConfigurationPlatforms) = preSolution
		Debug|Any CPU = Debug|Any CPU
		Release|Any CPU = Release|Any CPU
	EndGlobalSection
	GlobalSection(ProjectConfigurationPlatforms) = postSolution
		{D3E2AF6D-1B21-4BC7-AFBB-D09EFBDB8577}.Debug|Any CPU.ActiveCfg = Debug|Any CPU
		{D3E2AF6D-1B21-4BC7-AFBB-D09EFBDB8577}.Debug|Any CPU.Build.0 = Debug|Any CPU
		{D3E2AF6D-1B21-4BC7-AFBB-D09EFBDB8577}.Release|Any CPU.ActiveCfg = Release|Any CPU
		{D3E2AF6D-1B21-4BC7-AFBB-D09EFBDB8577}.Release|Any CPU.Build.0 = Release|Any CPU
		{C58ABF5F-D4ED-4AD5-9DFE-2869A84794D4}.Debug|Any CPU.ActiveCfg = Debug|Any CPU
		{C58ABF5F-D4ED-4AD5-9DFE-2869A84794D4}.Debug|Any CPU.Build.0 = Debug|Any CPU
		{C58ABF5F-D4ED-4AD5-9DFE-2869A84794D4}.Release|Any CPU.ActiveCfg = Release|Any CPU
		{C58ABF5F-D4ED-4AD5-9DFE-2869A84794D4}.Release|Any CPU.Build.0 = Release|Any CPU
	EndGlobalSection
	GlobalSection(SolutionProperties) = preSolution
		HideSolutionNode = FALSE
	EndGlobalSection
EndGlobal
